
Microsoft Visual Studio Solution File, Format Version 11.00
# Visual Studio 2010
Project("{8BC9CEB8-8B4A-11D0-8D11-00A0C91BC942}") = "Tds", "Tds.vcxproj", "{BED62364-2385-4820-8A6B-41C04DB0995E}"
EndProject
Project("{6141683F-8A12-4E36-9623-2EB02B2C2303}") = "WinInstall", "WinInstall\WinInstall.isproj", "{2EC971B6-7BEC-4133-AF2F-AE741C66D1E8}"
	ProjectSection(ProjectDependencies) = postProject
		{F328DE51-5B30-B2E9-AE37-3B1C5C418934} = {F328DE51-5B30-B2E9-AE37-3B1C5C418934}
	EndProjectSection
EndProject
Project("{8BC9CEB8-8B4A-11D0-8D11-00A0C91BC942}") = "gaut", "src\3rdparty\gaut\src\gaut.vcxproj", "{F328DE51-5B30-B2E9-AE37-3B1C5C418934}"
EndProject
Global
	GlobalSection(SolutionConfigurationPlatforms) = preSolution
		CD_ROM|Win32 = CD_ROM|Win32
		CD_ROM|x64 = CD_ROM|x64
		Debug|Win32 = Debug|Win32
		Debug|x64 = Debug|x64
		DVD-5|Win32 = DVD-5|Win32
		DVD-5|x64 = DVD-5|x64
		Release|Win32 = Release|Win32
		Release|x64 = Release|x64
		SingleImage|Win32 = SingleImage|Win32
		SingleImage|x64 = SingleImage|x64
		Template|Win32 = Template|Win32
		Template|x64 = Template|x64
	EndGlobalSection
	GlobalSection(ProjectConfigurationPlatforms) = postSolution
		{BED62364-2385-4820-8A6B-41C04DB0995E}.CD_ROM|Win32.ActiveCfg = Release|x64
		{BED62364-2385-4820-8A6B-41C04DB0995E}.CD_ROM|x64.ActiveCfg = Release|x64
		{BED62364-2385-4820-8A6B-41C04DB0995E}.CD_ROM|x64.Build.0 = Release|x64
		{BED62364-2385-4820-8A6B-41C04DB0995E}.Debug|Win32.ActiveCfg = Debug|Win32
		{BED62364-2385-4820-8A6B-41C04DB0995E}.Debug|Win32.Build.0 = Debug|Win32
		{BED62364-2385-4820-8A6B-41C04DB0995E}.Debug|x64.ActiveCfg = Debug|x64
		{BED62364-2385-4820-8A6B-41C04DB0995E}.Debug|x64.Build.0 = Debug|x64
		{BED62364-2385-4820-8A6B-41C04DB0995E}.DVD-5|Win32.ActiveCfg = Debug|x64
		{BED62364-2385-4820-8A6B-41C04DB0995E}.DVD-5|x64.ActiveCfg = Debug|x64
		{BED62364-2385-4820-8A6B-41C04DB0995E}.DVD-5|x64.Build.0 = Debug|x64
		{BED62364-2385-4820-8A6B-41C04DB0995E}.Release|Win32.ActiveCfg = Release|Win32
		{BED62364-2385-4820-8A6B-41C04DB0995E}.Release|Win32.Build.0 = Release|Win32
		{BED62364-2385-4820-8A6B-41C04DB0995E}.Release|x64.ActiveCfg = Release|x64
		{BED62364-2385-4820-8A6B-41C04DB0995E}.Release|x64.Build.0 = Release|x64
		{BED62364-2385-4820-8A6B-41C04DB0995E}.SingleImage|Win32.ActiveCfg = Release|x64
		{BED62364-2385-4820-8A6B-41C04DB0995E}.SingleImage|x64.ActiveCfg = Release|x64
		{BED62364-2385-4820-8A6B-41C04DB0995E}.SingleImage|x64.Build.0 = Release|x64
		{BED62364-2385-4820-8A6B-41C04DB0995E}.Template|Win32.ActiveCfg = Release|x64
		{BED62364-2385-4820-8A6B-41C04DB0995E}.Template|x64.ActiveCfg = Release|x64
		{BED62364-2385-4820-8A6B-41C04DB0995E}.Template|x64.Build.0 = Release|x64
		{2EC971B6-7BEC-4133-AF2F-AE741C66D1E8}.CD_ROM|Win32.ActiveCfg = CD_ROM
		{2EC971B6-7BEC-4133-AF2F-AE741C66D1E8}.CD_ROM|Win32.Build.0 = CD_ROM
		{2EC971B6-7BEC-4133-AF2F-AE741C66D1E8}.CD_ROM|x64.ActiveCfg = CD_ROM
		{2EC971B6-7BEC-4133-AF2F-AE741C66D1E8}.CD_ROM|x64.Build.0 = CD_ROM
		{2EC971B6-7BEC-4133-AF2F-AE741C66D1E8}.Debug|Win32.ActiveCfg = DVD-5
		{2EC971B6-7BEC-4133-AF2F-AE741C66D1E8}.Debug|Win32.Build.0 = DVD-5
		{2EC971B6-7BEC-4133-AF2F-AE741C66D1E8}.Debug|x64.ActiveCfg = DVD-5
		{2EC971B6-7BEC-4133-AF2F-AE741C66D1E8}.Debug|x64.Build.0 = DVD-5
		{2EC971B6-7BEC-4133-AF2F-AE741C66D1E8}.DVD-5|Win32.ActiveCfg = DVD-5
		{2EC971B6-7BEC-4133-AF2F-AE741C66D1E8}.DVD-5|Win32.Build.0 = DVD-5
		{2EC971B6-7BEC-4133-AF2F-AE741C66D1E8}.DVD-5|x64.ActiveCfg = DVD-5
		{2EC971B6-7BEC-4133-AF2F-AE741C66D1E8}.DVD-5|x64.Build.0 = DVD-5
		{2EC971B6-7BEC-4133-AF2F-AE741C66D1E8}.Release|Win32.ActiveCfg = SingleImage
		{2EC971B6-7BEC-4133-AF2F-AE741C66D1E8}.Release|Win32.Build.0 = SingleImage
		{2EC971B6-7BEC-4133-AF2F-AE741C66D1E8}.Release|x64.ActiveCfg = SingleImage
		{2EC971B6-7BEC-4133-AF2F-AE741C66D1E8}.Release|x64.Build.0 = SingleImage
		{2EC971B6-7BEC-4133-AF2F-AE741C66D1E8}.SingleImage|Win32.ActiveCfg = SingleImage
		{2EC971B6-7BEC-4133-AF2F-AE741C66D1E8}.SingleImage|Win32.Build.0 = SingleImage
		{2EC971B6-7BEC-4133-AF2F-AE741C66D1E8}.SingleImage|x64.ActiveCfg = SingleImage
		{2EC971B6-7BEC-4133-AF2F-AE741C66D1E8}.SingleImage|x64.Build.0 = SingleImage
		{2EC971B6-7BEC-4133-AF2F-AE741C66D1E8}.Template|Win32.ActiveCfg = SingleImage
		{2EC971B6-7BEC-4133-AF2F-AE741C66D1E8}.Template|x64.ActiveCfg = SingleImage
		{F328DE51-5B30-B2E9-AE37-3B1C5C418934}.CD_ROM|Win32.ActiveCfg = Release|Win32
		{F328DE51-5B30-B2E9-AE37-3B1C5C418934}.CD_ROM|Win32.Build.0 = Release|Win32
		{F328DE51-5B30-B2E9-AE37-3B1C5C418934}.CD_ROM|x64.ActiveCfg = Release|Win32
		{F328DE51-5B30-B2E9-AE37-3B1C5C418934}.Debug|Win32.ActiveCfg = Debug|Win32
		{F328DE51-5B30-B2E9-AE37-3B1C5C418934}.Debug|Win32.Build.0 = Debug|Win32
		{F328DE51-5B30-B2E9-AE37-3B1C5C418934}.Debug|x64.ActiveCfg = Debug|Win32
		{F328DE51-5B30-B2E9-AE37-3B1C5C418934}.DVD-5|Win32.ActiveCfg = Debug|Win32
		{F328DE51-5B30-B2E9-AE37-3B1C5C418934}.DVD-5|Win32.Build.0 = Debug|Win32
		{F328DE51-5B30-B2E9-AE37-3B1C5C418934}.DVD-5|x64.ActiveCfg = Debug|Win32
		{F328DE51-5B30-B2E9-AE37-3B1C5C418934}.Release|Win32.ActiveCfg = Release|Win32
		{F328DE51-5B30-B2E9-AE37-3B1C5C418934}.Release|Win32.Build.0 = Release|Win32
		{F328DE51-5B30-B2E9-AE37-3B1C5C418934}.Release|x64.ActiveCfg = Release|Win32
		{F328DE51-5B30-B2E9-AE37-3B1C5C418934}.SingleImage|Win32.ActiveCfg = Release|Win32
		{F328DE51-5B30-B2E9-AE37-3B1C5C418934}.SingleImage|Win32.Build.0 = Release|Win32
		{F328DE51-5B30-B2E9-AE37-3B1C5C418934}.SingleImage|x64.ActiveCfg = Release|Win32
		{F328DE51-5B30-B2E9-AE37-3B1C5C418934}.Template|Win32.ActiveCfg = Release|Win32
		{F328DE51-5B30-B2E9-AE37-3B1C5C418934}.Template|Win32.Build.0 = Release|Win32
		{F328DE51-5B30-B2E9-AE37-3B1C5C418934}.Template|x64.ActiveCfg = Release|Win32
	EndGlobalSection
	GlobalSection(SolutionProperties) = preSolution
		HideSolutionNode = FALSE
	EndGlobalSection
EndGlobal
